
Microsoft Visual Studio Solution File, Format Version 12.00
# Visual Studio Version 17
VisualStudioVersion = 17.3.32811.315
MinimumVisualStudioVersion = 10.0.40219.1
Project("{9A19103F-16F7-4668-BE54-9A1E7A4F7556}") = "CustomerDatabaseLibrary", "CustomerDatabaseLibrary\CustomerDatabaseLibrary.csproj", "{13414282-7E8C-48D9-8F23-DDAAE46D1672}"
EndProject
Project("{2150E333-8FDC-42A3-9474-1A3956D46DE8}") = "Solution Items", "Solution Items", "{B528A80C-4651-41DB-8D59-C4E1660B8630}"
	ProjectSection(SolutionItems) = preProject
		ComparingMethods.md = ComparingMethods.md
		dataModels.md = dataModels.md
		HelperScripts.sql = HelperScripts.sql
		readme.md = readme.md
		script_1.sql = script_1.sql
		script_2.sql = script_2.sql
		VariousScripts.sql = VariousScripts.sql
	EndProjectSection
EndProject
Project("{2150E333-8FDC-42A3-9474-1A3956D46DE8}") = ".NET Core 5 Class projects", ".NET Core 5 Class projects", "{D8F5DB29-CC1A-43A0-85ED-1F4C420ADF62}"
EndProject
Project("{2150E333-8FDC-42A3-9474-1A3956D46DE8}") = ".NET Core 5 Unit Test projects", ".NET Core 5 Unit Test projects", "{A16E2EA1-841B-4CD3-95C9-0E90AA291E8C}"
EndProject
Project("{9A19103F-16F7-4668-BE54-9A1E7A4F7556}") = "DataUnitTestProject", "DataUnitTestProject\DataUnitTestProject.csproj", "{E44F5F98-6670-4C80-8D44-3A14FCE4D43D}"
EndProject
Project("{9A19103F-16F7-4668-BE54-9A1E7A4F7556}") = "CustomerDatabaseLibraryEntityFramework", "CustomerDatabaseLibraryEntityFramework\CustomerDatabaseLibraryEntityFramework.csproj", "{620176E4-B357-4F81-9DFB-C0606A8794C9}"
EndProject
Project("{9A19103F-16F7-4668-BE54-9A1E7A4F7556}") = "EntityCoreExtensions", "EntityCoreExtensions\EntityCoreExtensions.csproj", "{28E921AD-7F1B-48D9-BCE0-90C7E08B9E44}"
EndProject
Project("{9A19103F-16F7-4668-BE54-9A1E7A4F7556}") = "SqlCoreUtilityLibrary", "SqlCoreUtilityLibrary\SqlCoreUtilityLibrary.csproj", "{F7716DF7-1A81-4376-A468-55BECF4F6BCF}"
EndProject
Project("{9A19103F-16F7-4668-BE54-9A1E7A4F7556}") = "DbLibrary", "DbLibrary\DbLibrary.csproj", "{266BB065-448B-42BE-93A3-96FFFAACF9CC}"
EndProject
Project("{9A19103F-16F7-4668-BE54-9A1E7A4F7556}") = "IndexRangeApp", "IndexRangeApp\IndexRangeApp.csproj", "{D5B46712-6E5B-4EE8-B568-121311A06A54}"
EndProject
Project("{2150E333-8FDC-42A3-9474-1A3956D46DE8}") = ".NET Core 5", ".NET Core 5", "{AC3E8085-3646-4D12-8A8A-26B225451D8D}"
EndProject
Project("{2150E333-8FDC-42A3-9474-1A3956D46DE8}") = ".NET Core 6", ".NET Core 6", "{8137D1D1-8EF8-4C7A-8375-6CCB17B949F2}"
EndProject
Project("{9A19103F-16F7-4668-BE54-9A1E7A4F7556}") = "EntityFrameworkCore6App", "EntityFrameworkCore6App\EntityFrameworkCore6App.csproj", "{9350563B-1DB5-41E6-916C-7B47F8FC21A7}"
EndProject
Project("{9A19103F-16F7-4668-BE54-9A1E7A4F7556}") = "IndexMonths", "IndexMonths\IndexMonths.csproj", "{F0DA3B40-A007-4FF3-BDE1-6E60F4596284}"
EndProject
Project("{2150E333-8FDC-42A3-9474-1A3956D46DE8}") = "Indexing", "Indexing", "{3A47AA51-09A8-4B3A-B709-D6D42C0AB995}"
EndProject
Project("{FAE04EC0-301F-11D3-BF4B-00C04F79EFBC}") = "IndexingSamplerApp", "IndexingSamplerApp\IndexingSamplerApp.csproj", "{B23BAA98-287C-4A4B-BD74-7DB8E0A58414}"
EndProject
Global
	GlobalSection(SolutionConfigurationPlatforms) = preSolution
		Debug|Any CPU = Debug|Any CPU
		Release|Any CPU = Release|Any CPU
	EndGlobalSection
	GlobalSection(ProjectConfigurationPlatforms) = postSolution
		{13414282-7E8C-48D9-8F23-DDAAE46D1672}.Debug|Any CPU.ActiveCfg = Debug|Any CPU
		{13414282-7E8C-48D9-8F23-DDAAE46D1672}.Debug|Any CPU.Build.0 = Debug|Any CPU
		{13414282-7E8C-48D9-8F23-DDAAE46D1672}.Release|Any CPU.ActiveCfg = Release|Any CPU
		{13414282-7E8C-48D9-8F23-DDAAE46D1672}.Release|Any CPU.Build.0 = Release|Any CPU
		{E44F5F98-6670-4C80-8D44-3A14FCE4D43D}.Debug|Any CPU.ActiveCfg = Debug|Any CPU
		{E44F5F98-6670-4C80-8D44-3A14FCE4D43D}.Debug|Any CPU.Build.0 = Debug|Any CPU
		{E44F5F98-6670-4C80-8D44-3A14FCE4D43D}.Release|Any CPU.ActiveCfg = Release|Any CPU
		{E44F5F98-6670-4C80-8D44-3A14FCE4D43D}.Release|Any CPU.Build.0 = Release|Any CPU
		{620176E4-B357-4F81-9DFB-C0606A8794C9}.Debug|Any CPU.ActiveCfg = Debug|Any CPU
		{620176E4-B357-4F81-9DFB-C0606A8794C9}.Debug|Any CPU.Build.0 = Debug|Any CPU
		{620176E4-B357-4F81-9DFB-C0606A8794C9}.Release|Any CPU.ActiveCfg = Release|Any CPU
		{620176E4-B357-4F81-9DFB-C0606A8794C9}.Release|Any CPU.Build.0 = Release|Any CPU
		{28E921AD-7F1B-48D9-BCE0-90C7E08B9E44}.Debug|Any CPU.ActiveCfg = Debug|Any CPU
		{28E921AD-7F1B-48D9-BCE0-90C7E08B9E44}.Debug|Any CPU.Build.0 = Debug|Any CPU
		{28E921AD-7F1B-48D9-BCE0-90C7E08B9E44}.Release|Any CPU.ActiveCfg = Release|Any CPU
		{28E921AD-7F1B-48D9-BCE0-90C7E08B9E44}.Release|Any CPU.Build.0 = Release|Any CPU
		{F7716DF7-1A81-4376-A468-55BECF4F6BCF}.Debug|Any CPU.ActiveCfg = Debug|Any CPU
		{F7716DF7-1A81-4376-A468-55BECF4F6BCF}.Debug|Any CPU.Build.0 = Debug|Any CPU
		{F7716DF7-1A81-4376-A468-55BECF4F6BCF}.Release|Any CPU.ActiveCfg = Release|Any CPU
		{F7716DF7-1A81-4376-A468-55BECF4F6BCF}.Release|Any CPU.Build.0 = Release|Any CPU
		{266BB065-448B-42BE-93A3-96FFFAACF9CC}.Debug|Any CPU.ActiveCfg = Debug|Any CPU
		{266BB065-448B-42BE-93A3-96FFFAACF9CC}.Debug|Any CPU.Build.0 = Debug|Any CPU
		{266BB065-448B-42BE-93A3-96FFFAACF9CC}.Release|Any CPU.ActiveCfg = Release|Any CPU
		{266BB065-448B-42BE-93A3-96FFFAACF9CC}.Release|Any CPU.Build.0 = Release|Any CPU
		{D5B46712-6E5B-4EE8-B568-121311A06A54}.Debug|Any CPU.ActiveCfg = Debug|Any CPU
		{D5B46712-6E5B-4EE8-B568-121311A06A54}.Debug|Any CPU.Build.0 = Debug|Any CPU
		{D5B46712-6E5B-4EE8-B568-121311A06A54}.Release|Any CPU.ActiveCfg = Release|Any CPU
		{D5B46712-6E5B-4EE8-B568-121311A06A54}.Release|Any CPU.Build.0 = Release|Any CPU
		{9350563B-1DB5-41E6-916C-7B47F8FC21A7}.Debug|Any CPU.ActiveCfg = Debug|Any CPU
		{9350563B-1DB5-41E6-916C-7B47F8FC21A7}.Debug|Any CPU.Build.0 = Debug|Any CPU
		{9350563B-1DB5-41E6-916C-7B47F8FC21A7}.Release|Any CPU.ActiveCfg = Release|Any CPU
		{9350563B-1DB5-41E6-916C-7B47F8FC21A7}.Release|Any CPU.Build.0 = Release|Any CPU
		{F0DA3B40-A007-4FF3-BDE1-6E60F4596284}.Debug|Any CPU.ActiveCfg = Debug|Any CPU
		{F0DA3B40-A007-4FF3-BDE1-6E60F4596284}.Debug|Any CPU.Build.0 = Debug|Any CPU
		{F0DA3B40-A007-4FF3-BDE1-6E60F4596284}.Release|Any CPU.ActiveCfg = Release|Any CPU
		{F0DA3B40-A007-4FF3-BDE1-6E60F4596284}.Release|Any CPU.Build.0 = Release|Any CPU
		{B23BAA98-287C-4A4B-BD74-7DB8E0A58414}.Debug|Any CPU.ActiveCfg = Debug|Any CPU
		{B23BAA98-287C-4A4B-BD74-7DB8E0A58414}.Debug|Any CPU.Build.0 = Debug|Any CPU
		{B23BAA98-287C-4A4B-BD74-7DB8E0A58414}.Release|Any CPU.ActiveCfg = Release|Any CPU
		{B23BAA98-287C-4A4B-BD74-7DB8E0A58414}.Release|Any CPU.Build.0 = Release|Any CPU
	EndGlobalSection
	GlobalSection(SolutionProperties) = preSolution
		HideSolutionNode = FALSE
	EndGlobalSection
	GlobalSection(NestedProjects) = preSolution
		{13414282-7E8C-48D9-8F23-DDAAE46D1672} = {D8F5DB29-CC1A-43A0-85ED-1F4C420ADF62}
		{D8F5DB29-CC1A-43A0-85ED-1F4C420ADF62} = {AC3E8085-3646-4D12-8A8A-26B225451D8D}
		{A16E2EA1-841B-4CD3-95C9-0E90AA291E8C} = {AC3E8085-3646-4D12-8A8A-26B225451D8D}
		{E44F5F98-6670-4C80-8D44-3A14FCE4D43D} = {A16E2EA1-841B-4CD3-95C9-0E90AA291E8C}
		{620176E4-B357-4F81-9DFB-C0606A8794C9} = {D8F5DB29-CC1A-43A0-85ED-1F4C420ADF62}
		{28E921AD-7F1B-48D9-BCE0-90C7E08B9E44} = {D8F5DB29-CC1A-43A0-85ED-1F4C420ADF62}
		{F7716DF7-1A81-4376-A468-55BECF4F6BCF} = {D8F5DB29-CC1A-43A0-85ED-1F4C420ADF62}
		{266BB065-448B-42BE-93A3-96FFFAACF9CC} = {D8F5DB29-CC1A-43A0-85ED-1F4C420ADF62}
		{D5B46712-6E5B-4EE8-B568-121311A06A54} = {3A47AA51-09A8-4B3A-B709-D6D42C0AB995}
		{9350563B-1DB5-41E6-916C-7B47F8FC21A7} = {8137D1D1-8EF8-4C7A-8375-6CCB17B949F2}
		{F0DA3B40-A007-4FF3-BDE1-6E60F4596284} = {3A47AA51-09A8-4B3A-B709-D6D42C0AB995}
		{B23BAA98-287C-4A4B-BD74-7DB8E0A58414} = {3A47AA51-09A8-4B3A-B709-D6D42C0AB995}
	EndGlobalSection
	GlobalSection(ExtensibilityGlobals) = postSolution
		SolutionGuid = {AA1178AB-FE8E-4BE4-8FDA-6FEAA9056801}
	EndGlobalSection
EndGlobal
